
Microsoft Visual Studio Solution File, Format Version 12.00
# Visual Studio Version 16
VisualStudioVersion = 16.0.35425.106
MinimumVisualStudioVersion = 10.0.40219.1
Project("{FAE04EC0-301F-11D3-BF4B-00C04F79EFBC}") = "ConectarBD", "ConectarBD\ConectarBD.csproj", "{A9B31A10-64B4-4ED8-932B-8E29C25F813A}"
EndProject
Project("{2150E333-8FDC-42A3-9474-1A3956D46DE8}") = "Solution Items", "Solution Items", "{8F16B491-D5D7-4402-B8CE-488ECC1F8A05}"
	ProjectSection(SolutionItems) = preProject
		Utiles.cs = Utiles.cs
	EndProjectSection
EndProject
Project("{FAE04EC0-301F-11D3-BF4B-00C04F79EFBC}") = "MiLibreria", "MiLibreria\MiLibreria.csproj", "{7F1C8DD2-C147-462B-AF02-A52839644854}"
EndProject
Global
	GlobalSection(SolutionConfigurationPlatforms) = preSolution
		Debug|Any CPU = Debug|Any CPU
		Release|Any CPU = Release|Any CPU
	EndGlobalSection
	GlobalSection(ProjectConfigurationPlatforms) = postSolution
		{A9B31A10-64B4-4ED8-932B-8E29C25F813A}.Debug|Any CPU.ActiveCfg = Debug|Any CPU
		{A9B31A10-64B4-4ED8-932B-8E29C25F813A}.Debug|Any CPU.Build.0 = Debug|Any CPU
		{A9B31A10-64B4-4ED8-932B-8E29C25F813A}.Release|Any CPU.ActiveCfg = Release|Any CPU
		{A9B31A10-64B4-4ED8-932B-8E29C25F813A}.Release|Any CPU.Build.0 = Release|Any CPU
		{7F1C8DD2-C147-462B-AF02-A52839644854}.Debug|Any CPU.ActiveCfg = Debug|Any CPU
		{7F1C8DD2-C147-462B-AF02-A52839644854}.Debug|Any CPU.Build.0 = Debug|Any CPU
		{7F1C8DD2-C147-462B-AF02-A52839644854}.Release|Any CPU.ActiveCfg = Release|Any CPU
		{7F1C8DD2-C147-462B-AF02-A52839644854}.Release|Any CPU.Build.0 = Release|Any CPU
	EndGlobalSection
	GlobalSection(SolutionProperties) = preSolution
		HideSolutionNode = FALSE
	EndGlobalSection
	GlobalSection(ExtensibilityGlobals) = postSolution
		SolutionGuid = {4930104B-E752-43DB-A377-E0EF41F6824B}
	EndGlobalSection
EndGlobal
